// !$*UTF8*$!
{
	archiveVersion = 1;
	classes = {
	};
	objectVersion = 50;
	objects = {

/* Begin PBXBuildFile section */
		E03017E325D4558000C5B751 /* AppDelegate.swift in Sources */ = {isa = PBXBuildFile; fileRef = E03017E225D4558000C5B751 /* AppDelegate.swift */; };
		E03017E525D4558000C5B751 /* SceneDelegate.swift in Sources */ = {isa = PBXBuildFile; fileRef = E03017E425D4558000C5B751 /* SceneDelegate.swift */; };
		E03017E725D4558000C5B751 /* ViewController.swift in Sources */ = {isa = PBXBuildFile; fileRef = E03017E625D4558000C5B751 /* ViewController.swift */; };
		E03017EA25D4558000C5B751 /* Main.storyboard in Resources */ = {isa = PBXBuildFile; fileRef = E03017E825D4558000C5B751 /* Main.storyboard */; };
		E03017EC25D4558200C5B751 /* Assets.xcassets in Resources */ = {isa = PBXBuildFile; fileRef = E03017EB25D4558200C5B751 /* Assets.xcassets */; };
		E03017EF25D4558200C5B751 /* LaunchScreen.storyboard in Resources */ = {isa = PBXBuildFile; fileRef = E03017ED25D4558200C5B751 /* LaunchScreen.storyboard */; };
		E03017FA25D4558200C5B751 /* TechPodTests.swift in Sources */ = {isa = PBXBuildFile; fileRef = E03017F925D4558200C5B751 /* TechPodTests.swift */; };
		E030180525D4558200C5B751 /* TechPodUITests.swift in Sources */ = {isa = PBXBuildFile; fileRef = E030180425D4558200C5B751 /* TechPodUITests.swift */; };
/* End PBXBuildFile section */

/* Begin PBXContainerItemProxy section */
		E03017F625D4558200C5B751 /* PBXContainerItemProxy */ = {
			isa = PBXContainerItemProxy;
			containerPortal = E03017D725D4558000C5B751 /* Project object */;
			proxyType = 1;
			remoteGlobalIDString = E03017DE25D4558000C5B751;
			remoteInfo = TechPod;
		};
		E030180125D4558200C5B751 /* PBXContainerItemProxy */ = {
			isa = PBXContainerItemProxy;
			containerPortal = E03017D725D4558000C5B751 /* Project object */;
			proxyType = 1;
			remoteGlobalIDString = E03017DE25D4558000C5B751;
			remoteInfo = TechPod;
		};
/* End PBXContainerItemProxy section */

/* Begin PBXFileReference section */
		E03017DF25D4558000C5B751 /* TechPod.app */ = {isa = PBXFileReference; explicitFileType = wrapper.application; includeInIndex = 0; path = TechPod.app; sourceTree = BUILT_PRODUCTS_DIR; };
		E03017E225D4558000C5B751 /* AppDelegate.swift */ = {isa = PBXFileReference; lastKnownFileType = sourcecode.swift; path = AppDelegate.swift; sourceTree = "<group>"; };
		E03017E425D4558000C5B751 /* SceneDelegate.swift */ = {isa = PBXFileReference; lastKnownFileType = sourcecode.swift; path = SceneDelegate.swift; sourceTree = "<group>"; };
		E03017E625D4558000C5B751 /* ViewController.swift */ = {isa = PBXFileReference; lastKnownFileType = sourcecode.swift; path = ViewController.swift; sourceTree = "<group>"; };
		E03017E925D4558000C5B751 /* Base */ = {isa = PBXFileReference; lastKnownFileType = file.storyboard; name = Base; path = Base.lproj/Main.storyboard; sourceTree = "<group>"; };
		E03017EB25D4558200C5B751 /* Assets.xcassets */ = {isa = PBXFileReference; lastKnownFileType = folder.assetcatalog; path = Assets.xcassets; sourceTree = "<group>"; };
		E03017EE25D4558200C5B751 /* Base */ = {isa = PBXFileReference; lastKnownFileType = file.storyboard; name = Base; path = Base.lproj/LaunchScreen.storyboard; sourceTree = "<group>"; };
		E03017F025D4558200C5B751 /* Info.plist */ = {isa = PBXFileReference; lastKnownFileType = text.plist.xml; path = Info.plist; sourceTree = "<group>"; };
		E03017F525D4558200C5B751 /* TechPodTests.xctest */ = {isa = PBXFileReference; explicitFileType = wrapper.cfbundle; includeInIndex = 0; path = TechPodTests.xctest; sourceTree = BUILT_PRODUCTS_DIR; };
		E03017F925D4558200C5B751 /* TechPodTests.swift */ = {isa = PBXFileReference; lastKnownFileType = sourcecode.swift; path = TechPodTests.swift; sourceTree = "<group>"; };
		E03017FB25D4558200C5B751 /* Info.plist */ = {isa = PBXFileReference; lastKnownFileType = text.plist.xml; path = Info.plist; sourceTree = "<group>"; };
		E030180025D4558200C5B751 /* TechPodUITests.xctest */ = {isa = PBXFileReference; explicitFileType = wrapper.cfbundle; includeInIndex = 0; path = TechPodUITests.xctest; sourceTree = BUILT_PRODUCTS_DIR; };
		E030180425D4558200C5B751 /* TechPodUITests.swift */ = {isa = PBXFileReference; lastKnownFileType = sourcecode.swift; path = TechPodUITests.swift; sourceTree = "<group>"; };
		E030180625D4558200C5B751 /* Info.plist */ = {isa = PBXFileReference; lastKnownFileType = text.plist.xml; path = Info.plist; sourceTree = "<group>"; };
/* End PBXFileReference section */

/* Begin PBXFrameworksBuildPhase section */
		E03017DC25D4558000C5B751 /* Frameworks */ = {
			isa = PBXFrameworksBuildPhase;
			buildActionMask = 2147483647;
			files = (
			);
			runOnlyForDeploymentPostprocessing = 0;
		};
		E03017F225D4558200C5B751 /* Frameworks */ = {
			isa = PBXFrameworksBuildPhase;
			buildActionMask = 2147483647;
			files = (
			);
			runOnlyForDeploymentPostprocessing = 0;
		};
		E03017FD25D4558200C5B751 /* Frameworks */ = {
			isa = PBXFrameworksBuildPhase;
			buildActionMask = 2147483647;
			files = (
			);
			runOnlyForDeploymentPostprocessing = 0;
		};
/* End PBXFrameworksBuildPhase section */

/* Begin PBXGroup section */
		E03017D625D4558000C5B751 = {
			isa = PBXGroup;
			children = (
				E03017E125D4558000C5B751 /* TechPod */,
				E03017F825D4558200C5B751 /* TechPodTests */,
				E030180325D4558200C5B751 /* TechPodUITests */,
				E03017E025D4558000C5B751 /* Products */,
			);
			sourceTree = "<group>";
		};
		E03017E025D4558000C5B751 /* Products */ = {
			isa = PBXGroup;
			children = (
				E03017DF25D4558000C5B751 /* TechPod.app */,
				E03017F525D4558200C5B751 /* TechPodTests.xctest */,
				E030180025D4558200C5B751 /* TechPodUITests.xctest */,
			);
			name = Products;
			sourceTree = "<group>";
		};
		E03017E125D4558000C5B751 /* TechPod */ = {
			isa = PBXGroup;
			children = (
				E03017E225D4558000C5B751 /* AppDelegate.swift */,
				E03017E425D4558000C5B751 /* SceneDelegate.swift */,
				E03017E625D4558000C5B751 /* ViewController.swift */,
				E03017E825D4558000C5B751 /* Main.storyboard */,
				E03017EB25D4558200C5B751 /* Assets.xcassets */,
				E03017ED25D4558200C5B751 /* LaunchScreen.storyboard */,
				E03017F025D4558200C5B751 /* Info.plist */,
			);
			path = TechPod;
			sourceTree = "<group>";
		};
		E03017F825D4558200C5B751 /* TechPodTests */ = {
			isa = PBXGroup;
			children = (
				E03017F925D4558200C5B751 /* TechPodTests.swift */,
				E03017FB25D4558200C5B751 /* Info.plist */,
			);
			path = TechPodTests;
			sourceTree = "<group>";
		};
		E030180325D4558200C5B751 /* TechPodUITests */ = {
			isa = PBXGroup;
			children = (
				E030180425D4558200C5B751 /* TechPodUITests.swift */,
				E030180625D4558200C5B751 /* Info.plist */,
			);
			path = TechPodUITests;
			sourceTree = "<group>";
		};
/* End PBXGroup section */

/* Begin PBXNativeTarget section */
		E03017DE25D4558000C5B751 /* TechPod */ = {
			isa = PBXNativeTarget;
			buildConfigurationList = E030180925D4558200C5B751 /* Build configuration list for PBXNativeTarget "TechPod" */;
			buildPhases = (
				E03017DB25D4558000C5B751 /* Sources */,
				E03017DC25D4558000C5B751 /* Frameworks */,
				E03017DD25D4558000C5B751 /* Resources */,
			);
			buildRules = (
			);
			dependencies = (
			);
			name = TechPod;
			productName = TechPod;
			productReference = E03017DF25D4558000C5B751 /* TechPod.app */;
			productType = "com.apple.product-type.application";
		};
		E03017F425D4558200C5B751 /* TechPodTests */ = {
			isa = PBXNativeTarget;
			buildConfigurationList = E030180C25D4558200C5B751 /* Build configuration list for PBXNativeTarget "TechPodTests" */;
			buildPhases = (
				E03017F125D4558200C5B751 /* Sources */,
				E03017F225D4558200C5B751 /* Frameworks */,
				E03017F325D4558200C5B751 /* Resources */,
			);
			buildRules = (
			);
			dependencies = (
				E03017F725D4558200C5B751 /* PBXTargetDependency */,
			);
			name = TechPodTests;
			productName = TechPodTests;
			productReference = E03017F525D4558200C5B751 /* TechPodTests.xctest */;
			productType = "com.apple.product-type.bundle.unit-test";
		};
		E03017FF25D4558200C5B751 /* TechPodUITests */ = {
			isa = PBXNativeTarget;
			buildConfigurationList = E030180F25D4558200C5B751 /* Build configuration list for PBXNativeTarget "TechPodUITests" */;
			buildPhases = (
				E03017FC25D4558200C5B751 /* Sources */,
				E03017FD25D4558200C5B751 /* Frameworks */,
				E03017FE25D4558200C5B751 /* Resources */,
			);
			buildRules = (
			);
			dependencies = (
				E030180225D4558200C5B751 /* PBXTargetDependency */,
			);
			name = TechPodUITests;
			productName = TechPodUITests;
			productReference = E030180025D4558200C5B751 /* TechPodUITests.xctest */;
			productType = "com.apple.product-type.bundle.ui-testing";
		};
/* End PBXNativeTarget section */

/* Begin PBXProject section */
		E03017D725D4558000C5B751 /* Project object */ = {
			isa = PBXProject;
			attributes = {
				LastSwiftUpdateCheck = 1240;
				LastUpgradeCheck = 1240;
				TargetAttributes = {
					E03017DE25D4558000C5B751 = {
						CreatedOnToolsVersion = 12.4;
					};
					E03017F425D4558200C5B751 = {
						CreatedOnToolsVersion = 12.4;
						TestTargetID = E03017DE25D4558000C5B751;
					};
					E03017FF25D4558200C5B751 = {
						CreatedOnToolsVersion = 12.4;
						TestTargetID = E03017DE25D4558000C5B751;
					};
				};
			};
			buildConfigurationList = E03017DA25D4558000C5B751 /* Build configuration list for PBXProject "TechPod" */;
			compatibilityVersion = "Xcode 9.3";
			developmentRegion = en;
			hasScannedForEncodings = 0;
			knownRegions = (
				en,
				Base,
			);
			mainGroup = E03017D625D4558000C5B751;
			productRefGroup = E03017E025D4558000C5B751 /* Products */;
			projectDirPath = "";
			projectRoot = "";
			targets = (
				E03017DE25D4558000C5B751 /* TechPod */,
				E03017F425D4558200C5B751 /* TechPodTests */,
				E03017FF25D4558200C5B751 /* TechPodUITests */,
			);
		};
/* End PBXProject section */

/* Begin PBXResourcesBuildPhase section */
		E03017DD25D4558000C5B751 /* Resources */ = {
			isa = PBXResourcesBuildPhase;
			buildActionMask = 2147483647;
			files = (
				E03017EF25D4558200C5B751 /* LaunchScreen.storyboard in Resources */,
				E03017EC25D4558200C5B751 /* Assets.xcassets in Resources */,
				E03017EA25D4558000C5B751 /* Main.storyboard in Resources */,
			);
			runOnlyForDeploymentPostprocessing = 0;
		};
		E03017F325D4558200C5B751 /* Resources */ = {
			isa = PBXResourcesBuildPhase;
			buildActionMask = 2147483647;
			files = (
			);
			runOnlyForDeploymentPostprocessing = 0;
		};
		E03017FE25D4558200C5B751 /* Resources */ = {
			isa = PBXResourcesBuildPhase;
			buildActionMask = 2147483647;
			files = (
			);
			runOnlyForDeploymentPostprocessing = 0;
		};
/* End PBXResourcesBuildPhase section */

/* Begin PBXSourcesBuildPhase section */
		E03017DB25D4558000C5B751 /* Sources */ = {
			isa = PBXSourcesBuildPhase;
			buildActionMask = 2147483647;
			files = (
				E03017E725D4558000C5B751 /* ViewController.swift in Sources */,
				E03017E325D4558000C5B751 /* AppDelegate.swift in Sources */,
				E03017E525D4558000C5B751 /* SceneDelegate.swift in Sources */,
			);
			runOnlyForDeploymentPostprocessing = 0;
		};
		E03017F125D4558200C5B751 /* Sources */ = {
			isa = PBXSourcesBuildPhase;
			buildActionMask = 2147483647;
			files = (
				E03017FA25D4558200C5B751 /* TechPodTests.swift in Sources */,
			);
			runOnlyForDeploymentPostprocessing = 0;
		};
		E03017FC25D4558200C5B751 /* Sources */ = {
			isa = PBXSourcesBuildPhase;
			buildActionMask = 2147483647;
			files = (
				E030180525D4558200C5B751 /* TechPodUITests.swift in Sources */,
			);
			runOnlyForDeploymentPostprocessing = 0;
		};
/* End PBXSourcesBuildPhase section */

/* Begin PBXTargetDependency section */
		E03017F725D4558200C5B751 /* PBXTargetDependency */ = {
			isa = PBXTargetDependency;
			target = E03017DE25D4558000C5B751 /* TechPod */;
			targetProxy = E03017F625D4558200C5B751 /* PBXContainerItemProxy */;
		};
		E030180225D4558200C5B751 /* PBXTargetDependency */ = {
			isa = PBXTargetDependency;
			target = E03017DE25D4558000C5B751 /* TechPod */;
			targetProxy = E030180125D4558200C5B751 /* PBXContainerItemProxy */;
		};
/* End PBXTargetDependency section */

/* Begin PBXVariantGroup section */
		E03017E825D4558000C5B751 /* Main.storyboard */ = {
			isa = PBXVariantGroup;
			children = (
				E03017E925D4558000C5B751 /* Base */,
			);
			name = Main.storyboard;
			sourceTree = "<group>";
		};
		E03017ED25D4558200C5B751 /* LaunchScreen.storyboard */ = {
			isa = PBXVariantGroup;
			children = (
				E03017EE25D4558200C5B751 /* Base */,
			);
			name = LaunchScreen.storyboard;
			sourceTree = "<group>";
		};
/* End PBXVariantGroup section */

/* Begin XCBuildConfiguration section */
		E030180725D4558200C5B751 /* Debug */ = {
			isa = XCBuildConfiguration;
			buildSettings = {
				ALWAYS_SEARCH_USER_PATHS = NO;
				CLANG_ANALYZER_NONNULL = YES;
				CLANG_ANALYZER_NUMBER_OBJECT_CONVERSION = YES_AGGRESSIVE;
				CLANG_CXX_LANGUAGE_STANDARD = "gnu++14";
				CLANG_CXX_LIBRARY = "libc++";
				CLANG_ENABLE_MODULES = YES;
				CLANG_ENABLE_OBJC_ARC = YES;
				CLANG_ENABLE_OBJC_WEAK = YES;
				CLANG_WARN_BLOCK_CAPTURE_AUTORELEASING = YES;
				CLANG_WARN_BOOL_CONVERSION = YES;
				CLANG_WARN_COMMA = YES;
				CLANG_WARN_CONSTANT_CONVERSION = YES;
				CLANG_WARN_DEPRECATED_OBJC_IMPLEMENTATIONS = YES;
				CLANG_WARN_DIRECT_OBJC_ISA_USAGE = YES_ERROR;
				CLANG_WARN_DOCUMENTATION_COMMENTS = YES;
				CLANG_WARN_EMPTY_BODY = YES;
				CLANG_WARN_ENUM_CONVERSION = YES;
				CLANG_WARN_INFINITE_RECURSION = YES;
				CLANG_WARN_INT_CONVERSION = YES;
				CLANG_WARN_NON_LITERAL_NULL_CONVERSION = YES;
				CLANG_WARN_OBJC_IMPLICIT_RETAIN_SELF = YES;
				CLANG_WARN_OBJC_LITERAL_CONVERSION = YES;
				CLANG_WARN_OBJC_ROOT_CLASS = YES_ERROR;
				CLANG_WARN_QUOTED_INCLUDE_IN_FRAMEWORK_HEADER = YES;
				CLANG_WARN_RANGE_LOOP_ANALYSIS = YES;
				CLANG_WARN_STRICT_PROTOTYPES = YES;
				CLANG_WARN_SUSPICIOUS_MOVE = YES;
				CLANG_WARN_UNGUARDED_AVAILABILITY = YES_AGGRESSIVE;
				CLANG_WARN_UNREACHABLE_CODE = YES;
				CLANG_WARN__DUPLICATE_METHOD_MATCH = YES;
				COPY_PHASE_STRIP = NO;
				DEBUG_INFORMATION_FORMAT = dwarf;
				ENABLE_STRICT_OBJC_MSGSEND = YES;
				ENABLE_TESTABILITY = YES;
				GCC_C_LANGUAGE_STANDARD = gnu11;
				GCC_DYNAMIC_NO_PIC = NO;
				GCC_NO_COMMON_BLOCKS = YES;
				GCC_OPTIMIZATION_LEVEL = 0;
				GCC_PREPROCESSOR_DEFINITIONS = (
					"DEBUG=1",
					"$(inherited)",
				);
				GCC_WARN_64_TO_32_BIT_CONVERSION = YES;
				GCC_WARN_ABOUT_RETURN_TYPE = YES_ERROR;
				GCC_WARN_UNDECLARED_SELECTOR = YES;
				GCC_WARN_UNINITIALIZED_AUTOS = YES_AGGRESSIVE;
				GCC_WARN_UNUSED_FUNCTION = YES;
				GCC_WARN_UNUSED_VARIABLE = YES;
				IPHONEOS_DEPLOYMENT_TARGET = 14.4;
				MTL_ENABLE_DEBUG_INFO = INCLUDE_SOURCE;
				MTL_FAST_MATH = YES;
				ONLY_ACTIVE_ARCH = YES;
				SDKROOT = iphoneos;
				SWIFT_ACTIVE_COMPILATION_CONDITIONS = DEBUG;
				SWIFT_OPTIMIZATION_LEVEL = "-Onone";
			};
			name = Debug;
		};
		E030180825D4558200C5B751 /* Release */ = {
			isa = XCBuildConfiguration;
			buildSettings = {
				ALWAYS_SEARCH_USER_PATHS = NO;
				CLANG_ANALYZER_NONNULL = YES;
				CLANG_ANALYZER_NUMBER_OBJECT_CONVERSION = YES_AGGRESSIVE;
				CLANG_CXX_LANGUAGE_STANDARD = "gnu++14";
				CLANG_CXX_LIBRARY = "libc++";
				CLANG_ENABLE_MODULES = YES;
				CLANG_ENABLE_OBJC_ARC = YES;
				CLANG_ENABLE_OBJC_WEAK = YES;
				CLANG_WARN_BLOCK_CAPTURE_AUTORELEASING = YES;
				CLANG_WARN_BOOL_CONVERSION = YES;
				CLANG_WARN_COMMA = YES;
				CLANG_WARN_CONSTANT_CONVERSION = YES;
				CLANG_WARN_DEPRECATED_OBJC_IMPLEMENTATIONS = YES;
				CLANG_WARN_DIRECT_OBJC_ISA_USAGE = YES_ERROR;
				CLANG_WARN_DOCUMENTATION_COMMENTS = YES;
				CLANG_WARN_EMPTY_BODY = YES;
				CLANG_WARN_ENUM_CONVERSION = YES;
				CLANG_WARN_INFINITE_RECURSION = YES;
				CLANG_WARN_INT_CONVERSION = YES;
				CLANG_WARN_NON_LITERAL_NULL_CONVERSION = YES;
				CLANG_WARN_OBJC_IMPLICIT_RETAIN_SELF = YES;
				CLANG_WARN_OBJC_LITERAL_CONVERSION = YES;
				CLANG_WARN_OBJC_ROOT_CLASS = YES_ERROR;
				CLANG_WARN_QUOTED_INCLUDE_IN_FRAMEWORK_HEADER = YES;
				CLANG_WARN_RANGE_LOOP_ANALYSIS = YES;
				CLANG_WARN_STRICT_PROTOTYPES = YES;
				CLANG_WARN_SUSPICIOUS_MOVE = YES;
				CLANG_WARN_UNGUARDED_AVAILABILITY = YES_AGGRESSIVE;
				CLANG_WARN_UNREACHABLE_CODE = YES;
				CLANG_WARN__DUPLICATE_METHOD_MATCH = YES;
				COPY_PHASE_STRIP = NO;
				DEBUG_INFORMATION_FORMAT = "dwarf-with-dsym";
				ENABLE_NS_ASSERTIONS = NO;
				ENABLE_STRICT_OBJC_MSGSEND = YES;
				GCC_C_LANGUAGE_STANDARD = gnu11;
				GCC_NO_COMMON_BLOCKS = YES;
				GCC_WARN_64_TO_32_BIT_CONVERSION = YES;
				GCC_WARN_ABOUT_RETURN_TYPE = YES_ERROR;
				GCC_WARN_UNDECLARED_SELECTOR = YES;
				GCC_WARN_UNINITIALIZED_AUTOS = YES_AGGRESSIVE;
				GCC_WARN_UNUSED_FUNCTION = YES;
				GCC_WARN_UNUSED_VARIABLE = YES;
				IPHONEOS_DEPLOYMENT_TARGET = 14.4;
				MTL_ENABLE_DEBUG_INFO = NO;
				MTL_FAST_MATH = YES;
				SDKROOT = iphoneos;
				SWIFT_COMPILATION_MODE = wholemodule;
				SWIFT_OPTIMIZATION_LEVEL = "-O";
				VALIDATE_PRODUCT = YES;
			};
			name = Release;
		};
		E030180A25D4558200C5B751 /* Debug */ = {
			isa = XCBuildConfiguration;
			buildSettings = {
				ASSETCATALOG_COMPILER_APPICON_NAME = AppIcon;
				ASSETCATALOG_COMPILER_GLOBAL_ACCENT_COLOR_NAME = AccentColor;
				CODE_SIGN_STYLE = Automatic;
				INFOPLIST_FILE = TechPod/Info.plist;
				LD_RUNPATH_SEARCH_PATHS = (
					"$(inherited)",
					"@executable_path/Frameworks",
				);
				PRODUCT_BUNDLE_IDENTIFIER = com.litech.TechPod;
				PRODUCT_NAME = "$(TARGET_NAME)";
				SWIFT_VERSION = 5.0;
				TARGETED_DEVICE_FAMILY = "1,2";
			};
			name = Debug;
		};
		E030180B25D4558200C5B751 /* Release */ = {
			isa = XCBuildConfiguration;
			buildSettings = {
				ASSETCATALOG_COMPILER_APPICON_NAME = AppIcon;
				ASSETCATALOG_COMPILER_GLOBAL_ACCENT_COLOR_NAME = AccentColor;
				CODE_SIGN_STYLE = Automatic;
				INFOPLIST_FILE = TechPod/Info.plist;
				LD_RUNPATH_SEARCH_PATHS = (
					"$(inherited)",
					"@executable_path/Frameworks",
				);
				PRODUCT_BUNDLE_IDENTIFIER = com.litech.TechPod;
				PRODUCT_NAME = "$(TARGET_NAME)";
				SWIFT_VERSION = 5.0;
				TARGETED_DEVICE_FAMILY = "1,2";
			};
			name = Release;
		};
		E030180D25D4558200C5B751 /* Debug */ = {
			isa = XCBuildConfiguration;
			buildSettings = {
				ALWAYS_EMBED_SWIFT_STANDARD_LIBRARIES = YES;
				BUNDLE_LOADER = "$(TEST_HOST)";
				CODE_SIGN_STYLE = Automatic;
				INFOPLIST_FILE = TechPodTests/Info.plist;
				IPHONEOS_DEPLOYMENT_TARGET = 14.4;
				LD_RUNPATH_SEARCH_PATHS = (
					"$(inherited)",
					"@executable_path/Frameworks",
					"@loader_path/Frameworks",
				);
				PRODUCT_BUNDLE_IDENTIFIER = com.litech.TechPodTests;
				PRODUCT_NAME = "$(TARGET_NAME)";
				SWIFT_VERSION = 5.0;
				TARGETED_DEVICE_FAMILY = "1,2";
				TEST_HOST = "$(BUILT_PRODUCTS_DIR)/TechPod.app/TechPod";
			};
			name = Debug;
		};
		E030180E25D4558200C5B751 /* Release */ = {
			isa = XCBuildConfiguration;
			buildSettings = {
				ALWAYS_EMBED_SWIFT_STANDARD_LIBRARIES = YES;
				BUNDLE_LOADER = "$(TEST_HOST)";
				CODE_SIGN_STYLE = Automatic;
				INFOPLIST_FILE = TechPodTests/Info.plist;
				IPHONEOS_DEPLOYMENT_TARGET = 14.4;
				LD_RUNPATH_SEARCH_PATHS = (
					"$(inherited)",
					"@executable_path/Frameworks",
					"@loader_path/Frameworks",
				);
				PRODUCT_BUNDLE_IDENTIFIER = com.litech.TechPodTests;
				PRODUCT_NAME = "$(TARGET_NAME)";
				SWIFT_VERSION = 5.0;
				TARGETED_DEVICE_FAMILY = "1,2";
				TEST_HOST = "$(BUILT_PRODUCTS_DIR)/TechPod.app/TechPod";
			};
			name = Release;
		};
		E030181025D4558200C5B751 /* Debug */ = {
			isa = XCBuildConfiguration;
			buildSettings = {
				ALWAYS_EMBED_SWIFT_STANDARD_LIBRARIES = YES;
				CODE_SIGN_STYLE = Automatic;
				INFOPLIST_FILE = TechPodUITests/Info.plist;
				LD_RUNPATH_SEARCH_PATHS = (
					"$(inherited)",
					"@executable_path/Frameworks",
					"@loader_path/Frameworks",
				);
				PRODUCT_BUNDLE_IDENTIFIER = com.litech.TechPodUITests;
				PRODUCT_NAME = "$(TARGET_NAME)";
				SWIFT_VERSION = 5.0;
				TARGETED_DEVICE_FAMILY = "1,2";
				TEST_TARGET_NAME = TechPod;
			};
			name = Debug;
		};
		E030181125D4558200C5B751 /* Release */ = {
			isa = XCBuildConfiguration;
			buildSettings = {
				ALWAYS_EMBED_SWIFT_STANDARD_LIBRARIES = YES;
				CODE_SIGN_STYLE = Automatic;
				INFOPLIST_FILE = TechPodUITests/Info.plist;
				LD_RUNPATH_SEARCH_PATHS = (
					"$(inherited)",
					"@executable_path/Frameworks",
					"@loader_path/Frameworks",
				);
				PRODUCT_BUNDLE_IDENTIFIER = com.litech.TechPodUITests;
				PRODUCT_NAME = "$(TARGET_NAME)";
				SWIFT_VERSION = 5.0;
				TARGETED_DEVICE_FAMILY = "1,2";
				TEST_TARGET_NAME = TechPod;
			};
			name = Release;
		};
/* End XCBuildConfiguration section */

/* Begin XCConfigurationList section */
		E03017DA25D4558000C5B751 /* Build configuration list for PBXProject "TechPod" */ = {
			isa = XCConfigurationList;
			buildConfigurations = (
				E030180725D4558200C5B751 /* Debug */,
				E030180825D4558200C5B751 /* Release */,
			);
			defaultConfigurationIsVisible = 0;
			defaultConfigurationName = Release;
		};
		E030180925D4558200C5B751 /* Build configuration list for PBXNativeTarget "TechPod" */ = {
			isa = XCConfigurationList;
			buildConfigurations = (
				E030180A25D4558200C5B751 /* Debug */,
				E030180B25D4558200C5B751 /* Release */,
			);
			defaultConfigurationIsVisible = 0;
			defaultConfigurationName = Release;
		};
		E030180C25D4558200C5B751 /* Build configuration list for PBXNativeTarget "TechPodTests" */ = {
			isa = XCConfigurationList;
			buildConfigurations = (
				E030180D25D4558200C5B751 /* Debug */,
				E030180E25D4558200C5B751 /* Release */,
			);
			defaultConfigurationIsVisible = 0;
			defaultConfigurationName = Release;
		};
		E030180F25D4558200C5B751 /* Build configuration list for PBXNativeTarget "TechPodUITests" */ = {
			isa = XCConfigurationList;
			buildConfigurations = (
				E030181025D4558200C5B751 /* Debug */,
				E030181125D4558200C5B751 /* Release */,
			);
			defaultConfigurationIsVisible = 0;
			defaultConfigurationName = Release;
		};
/* End XCConfigurationList section */
	};
	rootObject = E03017D725D4558000C5B751 /* Project object */;
}
